// !$*UTF8*$!
{
	archiveVersion = 1;
	classes = {
	};
	objectVersion = 56;
	objects = {

/* Begin PBXBuildFile section */
		448A6356293D721100BDD8AD /* LeaderboardView2.swift in Sources */ = {isa = PBXBuildFile; fileRef = 448A6355293D721100BDD8AD /* LeaderboardView2.swift */; };
		44EA6B90293593E500F1FFB0 /* MobileSemesterProjectApp.swift in Sources */ = {isa = PBXBuildFile; fileRef = 44EA6B8F293593E500F1FFB0 /* MobileSemesterProjectApp.swift */; };
		44EA6B92293593E500F1FFB0 /* ContentView.swift in Sources */ = {isa = PBXBuildFile; fileRef = 44EA6B91293593E500F1FFB0 /* ContentView.swift */; };
		44EA6B94293593E700F1FFB0 /* Assets.xcassets in Resources */ = {isa = PBXBuildFile; fileRef = 44EA6B93293593E700F1FFB0 /* Assets.xcassets */; };
		44EA6B97293593E700F1FFB0 /* Preview Assets.xcassets in Resources */ = {isa = PBXBuildFile; fileRef = 44EA6B96293593E700F1FFB0 /* Preview Assets.xcassets */; };
		44EA6BA22935955B00F1FFB0 /* WarGameView.swift in Sources */ = {isa = PBXBuildFile; fileRef = 44EA6BA12935955B00F1FFB0 /* WarGameView.swift */; };
		44EA6BA42935957900F1FFB0 /* SlotsGameView.swift in Sources */ = {isa = PBXBuildFile; fileRef = 44EA6BA32935957900F1FFB0 /* SlotsGameView.swift */; };
		44EA6BA6293595AF00F1FFB0 /* EditProfileView.swift in Sources */ = {isa = PBXBuildFile; fileRef = 44EA6BA5293595AF00F1FFB0 /* EditProfileView.swift */; };
		44EA6BA9293595FC00F1FFB0 /* LeaderboardView.swift in Sources */ = {isa = PBXBuildFile; fileRef = 44EA6BA8293595FC00F1FFB0 /* LeaderboardView.swift */; };
		44EA6BAE2935A87F00F1FFB0 /* EditProfileModel.swift in Sources */ = {isa = PBXBuildFile; fileRef = 44EA6BAD2935A87F00F1FFB0 /* EditProfileModel.swift */; };
		44F129242943DDA900D2D592 /* WarModalView.swift in Sources */ = {isa = PBXBuildFile; fileRef = 44F129232943DDA900D2D592 /* WarModalView.swift */; };
/* End PBXBuildFile section */

/* Begin PBXFileReference section */
		448A6355293D721100BDD8AD /* LeaderboardView2.swift */ = {isa = PBXFileReference; lastKnownFileType = sourcecode.swift; path = LeaderboardView2.swift; sourceTree = "<group>"; };
		44EA6B8C293593E500F1FFB0 /* MobileSemesterProject.app */ = {isa = PBXFileReference; explicitFileType = wrapper.application; includeInIndex = 0; path = MobileSemesterProject.app; sourceTree = BUILT_PRODUCTS_DIR; };
		44EA6B8F293593E500F1FFB0 /* MobileSemesterProjectApp.swift */ = {isa = PBXFileReference; lastKnownFileType = sourcecode.swift; path = MobileSemesterProjectApp.swift; sourceTree = "<group>"; };
		44EA6B91293593E500F1FFB0 /* ContentView.swift */ = {isa = PBXFileReference; lastKnownFileType = sourcecode.swift; path = ContentView.swift; sourceTree = "<group>"; };
		44EA6B93293593E700F1FFB0 /* Assets.xcassets */ = {isa = PBXFileReference; lastKnownFileType = folder.assetcatalog; path = Assets.xcassets; sourceTree = "<group>"; };
		44EA6B96293593E700F1FFB0 /* Preview Assets.xcassets */ = {isa = PBXFileReference; lastKnownFileType = folder.assetcatalog; path = "Preview Assets.xcassets"; sourceTree = "<group>"; };
		44EA6BA12935955B00F1FFB0 /* WarGameView.swift */ = {isa = PBXFileReference; lastKnownFileType = sourcecode.swift; path = WarGameView.swift; sourceTree = "<group>"; };
		44EA6BA32935957900F1FFB0 /* SlotsGameView.swift */ = {isa = PBXFileReference; lastKnownFileType = sourcecode.swift; path = SlotsGameView.swift; sourceTree = "<group>"; };
		44EA6BA5293595AF00F1FFB0 /* EditProfileView.swift */ = {isa = PBXFileReference; lastKnownFileType = sourcecode.swift; path = EditProfileView.swift; sourceTree = "<group>"; };
		44EA6BA8293595FC00F1FFB0 /* LeaderboardView.swift */ = {isa = PBXFileReference; lastKnownFileType = sourcecode.swift; path = LeaderboardView.swift; sourceTree = "<group>"; };
		44EA6BAD2935A87F00F1FFB0 /* EditProfileModel.swift */ = {isa = PBXFileReference; lastKnownFileType = sourcecode.swift; path = EditProfileModel.swift; sourceTree = "<group>"; };
		44F129232943DDA900D2D592 /* WarModalView.swift */ = {isa = PBXFileReference; lastKnownFileType = sourcecode.swift; path = WarModalView.swift; sourceTree = "<group>"; };
/* End PBXFileReference section */

/* Begin PBXFrameworksBuildPhase section */
		44EA6B89293593E500F1FFB0 /* Frameworks */ = {
			isa = PBXFrameworksBuildPhase;
			buildActionMask = 2147483647;
			files = (
			);
			runOnlyForDeploymentPostprocessing = 0;
		};
/* End PBXFrameworksBuildPhase section */

/* Begin PBXGroup section */
		44EA6B83293593E500F1FFB0 = {
			isa = PBXGroup;
			children = (
				44EA6B8E293593E500F1FFB0 /* MobileSemesterProject */,
				44EA6B8D293593E500F1FFB0 /* Products */,
			);
			sourceTree = "<group>";
		};
		44EA6B8D293593E500F1FFB0 /* Products */ = {
			isa = PBXGroup;
			children = (
				44EA6B8C293593E500F1FFB0 /* MobileSemesterProject.app */,
			);
			name = Products;
			sourceTree = "<group>";
		};
		44EA6B8E293593E500F1FFB0 /* MobileSemesterProject */ = {
			isa = PBXGroup;
			children = (
				44EA6B8F293593E500F1FFB0 /* MobileSemesterProjectApp.swift */,
				44EA6BAA2935A80E00F1FFB0 /* Models */,
				44EA6BA7293595C000F1FFB0 /* Views */,
				44EA6B93293593E700F1FFB0 /* Assets.xcassets */,
				44EA6B95293593E700F1FFB0 /* Preview Content */,
			);
			path = MobileSemesterProject;
			sourceTree = "<group>";
		};
		44EA6B95293593E700F1FFB0 /* Preview Content */ = {
			isa = PBXGroup;
			children = (
				44EA6B96293593E700F1FFB0 /* Preview Assets.xcassets */,
			);
			path = "Preview Content";
			sourceTree = "<group>";
		};
		44EA6BA7293595C000F1FFB0 /* Views */ = {
			isa = PBXGroup;
			children = (
				44EA6B91293593E500F1FFB0 /* ContentView.swift */,
				44F129232943DDA900D2D592 /* WarModalView.swift */,
				44EA6BA12935955B00F1FFB0 /* WarGameView.swift */,
				44EA6BA32935957900F1FFB0 /* SlotsGameView.swift */,
				44EA6BA5293595AF00F1FFB0 /* EditProfileView.swift */,
				44EA6BA8293595FC00F1FFB0 /* LeaderboardView.swift */,
				448A6355293D721100BDD8AD /* LeaderboardView2.swift */,
			);
			path = Views;
			sourceTree = "<group>";
		};
		44EA6BAA2935A80E00F1FFB0 /* Models */ = {
			isa = PBXGroup;
			children = (
				44EA6BAD2935A87F00F1FFB0 /* EditProfileModel.swift */,
			);
			path = Models;
			sourceTree = "<group>";
		};
/* End PBXGroup section */

/* Begin PBXNativeTarget section */
		44EA6B8B293593E500F1FFB0 /* MobileSemesterProject */ = {
			isa = PBXNativeTarget;
			buildConfigurationList = 44EA6B9A293593E700F1FFB0 /* Build configuration list for PBXNativeTarget "MobileSemesterProject" */;
			buildPhases = (
				44EA6B88293593E500F1FFB0 /* Sources */,
				44EA6B89293593E500F1FFB0 /* Frameworks */,
				44EA6B8A293593E500F1FFB0 /* Resources */,
			);
			buildRules = (
			);
			dependencies = (
			);
			name = MobileSemesterProject;
			productName = MobileSemesterProject;
			productReference = 44EA6B8C293593E500F1FFB0 /* MobileSemesterProject.app */;
			productType = "com.apple.product-type.application";
		};
/* End PBXNativeTarget section */

/* Begin PBXProject section */
		44EA6B84293593E500F1FFB0 /* Project object */ = {
			isa = PBXProject;
			attributes = {
				BuildIndependentTargetsInParallel = 1;
				LastSwiftUpdateCheck = 1400;
				LastUpgradeCheck = 1400;
				TargetAttributes = {
					44EA6B8B293593E500F1FFB0 = {
						CreatedOnToolsVersion = 14.0.1;
					};
				};
			};
			buildConfigurationList = 44EA6B87293593E500F1FFB0 /* Build configuration list for PBXProject "MobileSemesterProject" */;
			compatibilityVersion = "Xcode 14.0";
			developmentRegion = en;
			hasScannedForEncodings = 0;
			knownRegions = (
				en,
				Base,
			);
			mainGroup = 44EA6B83293593E500F1FFB0;
			productRefGroup = 44EA6B8D293593E500F1FFB0 /* Products */;
			projectDirPath = "";
			projectRoot = "";
			targets = (
				44EA6B8B293593E500F1FFB0 /* MobileSemesterProject */,
			);
		};
/* End PBXProject section */

/* Begin PBXResourcesBuildPhase section */
		44EA6B8A293593E500F1FFB0 /* Resources */ = {
			isa = PBXResourcesBuildPhase;
			buildActionMask = 2147483647;
			files = (
				44EA6B97293593E700F1FFB0 /* Preview Assets.xcassets in Resources */,
				44EA6B94293593E700F1FFB0 /* Assets.xcassets in Resources */,
			);
			runOnlyForDeploymentPostprocessing = 0;
		};
/* End PBXResourcesBuildPhase section */

/* Begin PBXSourcesBuildPhase section */
		44EA6B88293593E500F1FFB0 /* Sources */ = {
			isa = PBXSourcesBuildPhase;
			buildActionMask = 2147483647;
			files = (
				44EA6BA6293595AF00F1FFB0 /* EditProfileView.swift in Sources */,
				44EA6BA42935957900F1FFB0 /* SlotsGameView.swift in Sources */,
				44EA6B92293593E500F1FFB0 /* ContentView.swift in Sources */,
				448A6356293D721100BDD8AD /* LeaderboardView2.swift in Sources */,
				44EA6BAE2935A87F00F1FFB0 /* EditProfileModel.swift in Sources */,
				44F129242943DDA900D2D592 /* WarModalView.swift in Sources */,
				44EA6B90293593E500F1FFB0 /* MobileSemesterProjectApp.swift in Sources */,
				44EA6BA9293595FC00F1FFB0 /* LeaderboardView.swift in Sources */,
				44EA6BA22935955B00F1FFB0 /* WarGameView.swift in Sources */,
			);
			runOnlyForDeploymentPostprocessing = 0;
		};
/* End PBXSourcesBuildPhase section */

/* Begin XCBuildConfiguration section */
		44EA6B98293593E700F1FFB0 /* Debug */ = {
			isa = XCBuildConfiguration;
			buildSettings = {
				ALWAYS_SEARCH_USER_PATHS = NO;
				CLANG_ANALYZER_NONNULL = YES;
				CLANG_ANALYZER_NUMBER_OBJECT_CONVERSION = YES_AGGRESSIVE;
				CLANG_CXX_LANGUAGE_STANDARD = "gnu++20";
				CLANG_ENABLE_MODULES = YES;
				CLANG_ENABLE_OBJC_ARC = YES;
				CLANG_ENABLE_OBJC_WEAK = YES;
				CLANG_WARN_BLOCK_CAPTURE_AUTORELEASING = YES;
				CLANG_WARN_BOOL_CONVERSION = YES;
				CLANG_WARN_COMMA = YES;
				CLANG_WARN_CONSTANT_CONVERSION = YES;
				CLANG_WARN_DEPRECATED_OBJC_IMPLEMENTATIONS = YES;
				CLANG_WARN_DIRECT_OBJC_ISA_USAGE = YES_ERROR;
				CLANG_WARN_DOCUMENTATION_COMMENTS = YES;
				CLANG_WARN_EMPTY_BODY = YES;
				CLANG_WARN_ENUM_CONVERSION = YES;
				CLANG_WARN_INFINITE_RECURSION = YES;
				CLANG_WARN_INT_CONVERSION = YES;
				CLANG_WARN_NON_LITERAL_NULL_CONVERSION = YES;
				CLANG_WARN_OBJC_IMPLICIT_RETAIN_SELF = YES;
				CLANG_WARN_OBJC_LITERAL_CONVERSION = YES;
				CLANG_WARN_OBJC_ROOT_CLASS = YES_ERROR;
				CLANG_WARN_QUOTED_INCLUDE_IN_FRAMEWORK_HEADER = YES;
				CLANG_WARN_RANGE_LOOP_ANALYSIS = YES;
				CLANG_WARN_STRICT_PROTOTYPES = YES;
				CLANG_WARN_SUSPICIOUS_MOVE = YES;
				CLANG_WARN_UNGUARDED_AVAILABILITY = YES_AGGRESSIVE;
				CLANG_WARN_UNREACHABLE_CODE = YES;
				CLANG_WARN__DUPLICATE_METHOD_MATCH = YES;
				COPY_PHASE_STRIP = NO;
				DEBUG_INFORMATION_FORMAT = dwarf;
				ENABLE_STRICT_OBJC_MSGSEND = YES;
				ENABLE_TESTABILITY = YES;
				GCC_C_LANGUAGE_STANDARD = gnu11;
				GCC_DYNAMIC_NO_PIC = NO;
				GCC_NO_COMMON_BLOCKS = YES;
				GCC_OPTIMIZATION_LEVEL = 0;
				GCC_PREPROCESSOR_DEFINITIONS = (
					"DEBUG=1",
					"$(inherited)",
				);
				GCC_WARN_64_TO_32_BIT_CONVERSION = YES;
				GCC_WARN_ABOUT_RETURN_TYPE = YES_ERROR;
				GCC_WARN_UNDECLARED_SELECTOR = YES;
				GCC_WARN_UNINITIALIZED_AUTOS = YES_AGGRESSIVE;
				GCC_WARN_UNUSED_FUNCTION = YES;
				GCC_WARN_UNUSED_VARIABLE = YES;
				IPHONEOS_DEPLOYMENT_TARGET = 16.0;
				MTL_ENABLE_DEBUG_INFO = INCLUDE_SOURCE;
				MTL_FAST_MATH = YES;
				ONLY_ACTIVE_ARCH = YES;
				SDKROOT = iphoneos;
				SWIFT_ACTIVE_COMPILATION_CONDITIONS = DEBUG;
				SWIFT_OPTIMIZATION_LEVEL = "-Onone";
			};
			name = Debug;
		};
		44EA6B99293593E700F1FFB0 /* Release */ = {
			isa = XCBuildConfiguration;
			buildSettings = {
				ALWAYS_SEARCH_USER_PATHS = NO;
				CLANG_ANALYZER_NONNULL = YES;
				CLANG_ANALYZER_NUMBER_OBJECT_CONVERSION = YES_AGGRESSIVE;
				CLANG_CXX_LANGUAGE_STANDARD = "gnu++20";
				CLANG_ENABLE_MODULES = YES;
				CLANG_ENABLE_OBJC_ARC = YES;
				CLANG_ENABLE_OBJC_WEAK = YES;
				CLANG_WARN_BLOCK_CAPTURE_AUTORELEASING = YES;
				CLANG_WARN_BOOL_CONVERSION = YES;
				CLANG_WARN_COMMA = YES;
				CLANG_WARN_CONSTANT_CONVERSION = YES;
				CLANG_WARN_DEPRECATED_OBJC_IMPLEMENTATIONS = YES;
				CLANG_WARN_DIRECT_OBJC_ISA_USAGE = YES_ERROR;
				CLANG_WARN_DOCUMENTATION_COMMENTS = YES;
				CLANG_WARN_EMPTY_BODY = YES;
				CLANG_WARN_ENUM_CONVERSION = YES;
				CLANG_WARN_INFINITE_RECURSION = YES;
				CLANG_WARN_INT_CONVERSION = YES;
				CLANG_WARN_NON_LITERAL_NULL_CONVERSION = YES;
				CLANG_WARN_OBJC_IMPLICIT_RETAIN_SELF = YES;
				CLANG_WARN_OBJC_LITERAL_CONVERSION = YES;
				CLANG_WARN_OBJC_ROOT_CLASS = YES_ERROR;
				CLANG_WARN_QUOTED_INCLUDE_IN_FRAMEWORK_HEADER = YES;
				CLANG_WARN_RANGE_LOOP_ANALYSIS = YES;
				CLANG_WARN_STRICT_PROTOTYPES = YES;
				CLANG_WARN_SUSPICIOUS_MOVE = YES;
				CLANG_WARN_UNGUARDED_AVAILABILITY = YES_AGGRESSIVE;
				CLANG_WARN_UNREACHABLE_CODE = YES;
				CLANG_WARN__DUPLICATE_METHOD_MATCH = YES;
				COPY_PHASE_STRIP = NO;
				DEBUG_INFORMATION_FORMAT = "dwarf-with-dsym";
				ENABLE_NS_ASSERTIONS = NO;
				ENABLE_STRICT_OBJC_MSGSEND = YES;
				GCC_C_LANGUAGE_STANDARD = gnu11;
				GCC_NO_COMMON_BLOCKS = YES;
				GCC_WARN_64_TO_32_BIT_CONVERSION = YES;
				GCC_WARN_ABOUT_RETURN_TYPE = YES_ERROR;
				GCC_WARN_UNDECLARED_SELECTOR = YES;
				GCC_WARN_UNINITIALIZED_AUTOS = YES_AGGRESSIVE;
				GCC_WARN_UNUSED_FUNCTION = YES;
				GCC_WARN_UNUSED_VARIABLE = YES;
				IPHONEOS_DEPLOYMENT_TARGET = 16.0;
				MTL_ENABLE_DEBUG_INFO = NO;
				MTL_FAST_MATH = YES;
				SDKROOT = iphoneos;
				SWIFT_COMPILATION_MODE = wholemodule;
				SWIFT_OPTIMIZATION_LEVEL = "-O";
				VALIDATE_PRODUCT = YES;
			};
			name = Release;
		};
		44EA6B9B293593E700F1FFB0 /* Debug */ = {
			isa = XCBuildConfiguration;
			buildSettings = {
				ASSETCATALOG_COMPILER_APPICON_NAME = AppIcon;
				ASSETCATALOG_COMPILER_GLOBAL_ACCENT_COLOR_NAME = AccentColor;
				CODE_SIGN_STYLE = Automatic;
				CURRENT_PROJECT_VERSION = 1;
				DEVELOPMENT_ASSET_PATHS = "\"MobileSemesterProject/Preview Content\"";
				ENABLE_PREVIEWS = YES;
				GENERATE_INFOPLIST_FILE = YES;
				INFOPLIST_KEY_UIApplicationSceneManifest_Generation = YES;
				INFOPLIST_KEY_UIApplicationSupportsIndirectInputEvents = YES;
				INFOPLIST_KEY_UILaunchScreen_Generation = YES;
				INFOPLIST_KEY_UISupportedInterfaceOrientations_iPad = "UIInterfaceOrientationPortrait UIInterfaceOrientationPortraitUpsideDown UIInterfaceOrientationLandscapeLeft UIInterfaceOrientationLandscapeRight";
				INFOPLIST_KEY_UISupportedInterfaceOrientations_iPhone = "UIInterfaceOrientationPortrait UIInterfaceOrientationLandscapeLeft UIInterfaceOrientationLandscapeRight";
				LD_RUNPATH_SEARCH_PATHS = (
					"$(inherited)",
					"@executable_path/Frameworks",
				);
				MARKETING_VERSION = 1.0;
				PRODUCT_BUNDLE_IDENTIFIER = CIS357SemesterProject.MobileSemesterProject;
				PRODUCT_NAME = "$(TARGET_NAME)";
				SWIFT_EMIT_LOC_STRINGS = YES;
				SWIFT_VERSION = 5.0;
				TARGETED_DEVICE_FAMILY = "1,2";
			};
			name = Debug;
		};
		44EA6B9C293593E700F1FFB0 /* Release */ = {
			isa = XCBuildConfiguration;
			buildSettings = {
				ASSETCATALOG_COMPILER_APPICON_NAME = AppIcon;
				ASSETCATALOG_COMPILER_GLOBAL_ACCENT_COLOR_NAME = AccentColor;
				CODE_SIGN_STYLE = Automatic;
				CURRENT_PROJECT_VERSION = 1;
				DEVELOPMENT_ASSET_PATHS = "\"MobileSemesterProject/Preview Content\"";
				ENABLE_PREVIEWS = YES;
				GENERATE_INFOPLIST_FILE = YES;
				INFOPLIST_KEY_UIApplicationSceneManifest_Generation = YES;
				INFOPLIST_KEY_UIApplicationSupportsIndirectInputEvents = YES;
				INFOPLIST_KEY_UILaunchScreen_Generation = YES;
				INFOPLIST_KEY_UISupportedInterfaceOrientations_iPad = "UIInterfaceOrientationPortrait UIInterfaceOrientationPortraitUpsideDown UIInterfaceOrientationLandscapeLeft UIInterfaceOrientationLandscapeRight";
				INFOPLIST_KEY_UISupportedInterfaceOrientations_iPhone = "UIInterfaceOrientationPortrait UIInterfaceOrientationLandscapeLeft UIInterfaceOrientationLandscapeRight";
				LD_RUNPATH_SEARCH_PATHS = (
					"$(inherited)",
					"@executable_path/Frameworks",
				);
				MARKETING_VERSION = 1.0;
				PRODUCT_BUNDLE_IDENTIFIER = CIS357SemesterProject.MobileSemesterProject;
				PRODUCT_NAME = "$(TARGET_NAME)";
				SWIFT_EMIT_LOC_STRINGS = YES;
				SWIFT_VERSION = 5.0;
				TARGETED_DEVICE_FAMILY = "1,2";
			};
			name = Release;
		};
/* End XCBuildConfiguration section */

/* Begin XCConfigurationList section */
		44EA6B87293593E500F1FFB0 /* Build configuration list for PBXProject "MobileSemesterProject" */ = {
			isa = XCConfigurationList;
			buildConfigurations = (
				44EA6B98293593E700F1FFB0 /* Debug */,
				44EA6B99293593E700F1FFB0 /* Release */,
			);
			defaultConfigurationIsVisible = 0;
			defaultConfigurationName = Release;
		};
		44EA6B9A293593E700F1FFB0 /* Build configuration list for PBXNativeTarget "MobileSemesterProject" */ = {
			isa = XCConfigurationList;
			buildConfigurations = (
				44EA6B9B293593E700F1FFB0 /* Debug */,
				44EA6B9C293593E700F1FFB0 /* Release */,
			);
			defaultConfigurationIsVisible = 0;
			defaultConfigurationName = Release;
		};
/* End XCConfigurationList section */
	};
	rootObject = 44EA6B84293593E500F1FFB0 /* Project object */;
}
